
Microsoft Visual Studio Solution File, Format Version 12.00
# Visual Studio Version 17
VisualStudioVersion = 17.1.32210.238
MinimumVisualStudioVersion = 10.0.40219.1
Project("{FAE04EC0-301F-11D3-BF4B-00C04F79EFBC}") = "Pyramall", "Pyramall\Pyramall.csproj", "{E8BF4BBC-D8CD-48D0-8D97-0E94CE978B4B}"
EndProject
Project("{FAE04EC0-301F-11D3-BF4B-00C04F79EFBC}") = "Engine", "Engine\Engine.csproj", "{D991803D-F314-4E5F-B7E4-651A54A376D8}"
EndProject
Global
	GlobalSection(SolutionConfigurationPlatforms) = preSolution
		Debug|Any CPU = Debug|Any CPU
		Release|Any CPU = Release|Any CPU
	EndGlobalSection
	GlobalSection(ProjectConfigurationPlatforms) = postSolution
		{E8BF4BBC-D8CD-48D0-8D97-0E94CE978B4B}.Debug|Any CPU.ActiveCfg = Debug|Any CPU
		{E8BF4BBC-D8CD-48D0-8D97-0E94CE978B4B}.Debug|Any CPU.Build.0 = Debug|Any CPU
		{E8BF4BBC-D8CD-48D0-8D97-0E94CE978B4B}.Release|Any CPU.ActiveCfg = Release|Any CPU
		{E8BF4BBC-D8CD-48D0-8D97-0E94CE978B4B}.Release|Any CPU.Build.0 = Release|Any CPU
		{D991803D-F314-4E5F-B7E4-651A54A376D8}.Debug|Any CPU.ActiveCfg = Debug|Any CPU
		{D991803D-F314-4E5F-B7E4-651A54A376D8}.Debug|Any CPU.Build.0 = Debug|Any CPU
		{D991803D-F314-4E5F-B7E4-651A54A376D8}.Release|Any CPU.ActiveCfg = Release|Any CPU
		{D991803D-F314-4E5F-B7E4-651A54A376D8}.Release|Any CPU.Build.0 = Release|Any CPU
	EndGlobalSection
	GlobalSection(SolutionProperties) = preSolution
		HideSolutionNode = FALSE
	EndGlobalSection
	GlobalSection(ExtensibilityGlobals) = postSolution
		SolutionGuid = {99682E65-56E4-42B9-B961-1AEDEC3236AF}
	EndGlobalSection
EndGlobal
